{
  "name": "@webfaaslabs/mathsumasync",
  "version": "0.0.2",
  "lockfileVersion": 1,
  "requires": true,
  "dependencies": {
    "@webfaaslabs/mathsum": {
      "version": "0.0.1",
      "resolved": "https://registry.npmjs.org/@webfaaslabs/mathsum/-/mathsum-0.0.1.tgz",
      "integrity": "sha512-SlxN0XS0ZJQ9W5sSHu/bgxH6KBwkV1lsFujT6apJGXAnFT/+a+nN8Y0Xd5rNSA8moluOHT/VJe99QJKvUe5sTQ=="
    }
  }
}
